
Microsoft Visual Studio Solution File, Format Version 12.00
# Visual Studio Version 17
VisualStudioVersion = 17.1.32210.238
MinimumVisualStudioVersion = 10.0.40219.1
Project("{FAE04EC0-301F-11D3-BF4B-00C04F79EFBC}") = "day03", "day03\day03.csproj", "{F94CF2F3-57CD-44F9-922D-8B6B6DCC96FC}"
EndProject
Global
	GlobalSection(SolutionConfigurationPlatforms) = preSolution
		Debug|Any CPU = Debug|Any CPU
		Release|Any CPU = Release|Any CPU
	EndGlobalSection
	GlobalSection(ProjectConfigurationPlatforms) = postSolution
		{F94CF2F3-57CD-44F9-922D-8B6B6DCC96FC}.Debug|Any CPU.ActiveCfg = Debug|Any CPU
		{F94CF2F3-57CD-44F9-922D-8B6B6DCC96FC}.Debug|Any CPU.Build.0 = Debug|Any CPU
		{F94CF2F3-57CD-44F9-922D-8B6B6DCC96FC}.Release|Any CPU.ActiveCfg = Release|Any CPU
		{F94CF2F3-57CD-44F9-922D-8B6B6DCC96FC}.Release|Any CPU.Build.0 = Release|Any CPU
	EndGlobalSection
	GlobalSection(SolutionProperties) = preSolution
		HideSolutionNode = FALSE
	EndGlobalSection
	GlobalSection(ExtensibilityGlobals) = postSolution
		SolutionGuid = {4E23D1CD-57FA-46E9-950E-84B59DD210BD}
	EndGlobalSection
EndGlobal
